
Microsoft Visual Studio Solution File, Format Version 12.00
# Visual Studio Version 17
VisualStudioVersion = 17.3.32929.385
MinimumVisualStudioVersion = 10.0.40219.1
Project("{FAE04EC0-301F-11D3-BF4B-00C04F79EFBC}") = "AgavalPruebaPart1", "AgavalPruebaPart1\AgavalPruebaPart1.csproj", "{B17FA1D6-558B-4FE6-B439-EC1032D50A85}"
EndProject
Global
	GlobalSection(SolutionConfigurationPlatforms) = preSolution
		Debug|Any CPU = Debug|Any CPU
		Release|Any CPU = Release|Any CPU
	EndGlobalSection
	GlobalSection(ProjectConfigurationPlatforms) = postSolution
		{B17FA1D6-558B-4FE6-B439-EC1032D50A85}.Debug|Any CPU.ActiveCfg = Debug|Any CPU
		{B17FA1D6-558B-4FE6-B439-EC1032D50A85}.Debug|Any CPU.Build.0 = Debug|Any CPU
		{B17FA1D6-558B-4FE6-B439-EC1032D50A85}.Release|Any CPU.ActiveCfg = Release|Any CPU
		{B17FA1D6-558B-4FE6-B439-EC1032D50A85}.Release|Any CPU.Build.0 = Release|Any CPU
	EndGlobalSection
	GlobalSection(SolutionProperties) = preSolution
		HideSolutionNode = FALSE
	EndGlobalSection
	GlobalSection(ExtensibilityGlobals) = postSolution
		SolutionGuid = {4C1D01BB-9BA1-40B0-8150-811B56CF2CFB}
	EndGlobalSection
EndGlobal
